// !$*UTF8*$!
{
	archiveVersion = 1;
	classes = {
	};
	objectVersion = 55;
	objects = {

/* Begin PBXBuildFile section */
		568D0DA5283941AF00006302 /* AppDelegate.swift in Sources */ = {isa = PBXBuildFile; fileRef = 568D0DA4283941AF00006302 /* AppDelegate.swift */; };
		568D0DA7283941AF00006302 /* SceneDelegate.swift in Sources */ = {isa = PBXBuildFile; fileRef = 568D0DA6283941AF00006302 /* SceneDelegate.swift */; };
		568D0DA9283941AF00006302 /* ViewController.swift in Sources */ = {isa = PBXBuildFile; fileRef = 568D0DA8283941AF00006302 /* ViewController.swift */; };
		568D0DAC283941AF00006302 /* Main.storyboard in Resources */ = {isa = PBXBuildFile; fileRef = 568D0DAA283941AF00006302 /* Main.storyboard */; };
		568D0DAE283941B200006302 /* Assets.xcassets in Resources */ = {isa = PBXBuildFile; fileRef = 568D0DAD283941B200006302 /* Assets.xcassets */; };
		568D0DB1283941B200006302 /* LaunchScreen.storyboard in Resources */ = {isa = PBXBuildFile; fileRef = 568D0DAF283941B200006302 /* LaunchScreen.storyboard */; };
		65A717BCF08E96A818878433 /* Pods_MvvmSandboxApp.framework in Frameworks */ = {isa = PBXBuildFile; fileRef = 4DD605536AEC9BC5C5DC6D6D /* Pods_MvvmSandboxApp.framework */; };
/* End PBXBuildFile section */

/* Begin PBXFileReference section */
		262050E1AF65F2595E26BE1F /* Pods-MvvmSandboxApp.debug.xcconfig */ = {isa = PBXFileReference; includeInIndex = 1; lastKnownFileType = text.xcconfig; name = "Pods-MvvmSandboxApp.debug.xcconfig"; path = "Target Support Files/Pods-MvvmSandboxApp/Pods-MvvmSandboxApp.debug.xcconfig"; sourceTree = "<group>"; };
		4DD605536AEC9BC5C5DC6D6D /* Pods_MvvmSandboxApp.framework */ = {isa = PBXFileReference; explicitFileType = wrapper.framework; includeInIndex = 0; path = Pods_MvvmSandboxApp.framework; sourceTree = BUILT_PRODUCTS_DIR; };
		568D0DA1283941AF00006302 /* MvvmSandboxApp.app */ = {isa = PBXFileReference; explicitFileType = wrapper.application; includeInIndex = 0; path = MvvmSandboxApp.app; sourceTree = BUILT_PRODUCTS_DIR; };
		568D0DA4283941AF00006302 /* AppDelegate.swift */ = {isa = PBXFileReference; lastKnownFileType = sourcecode.swift; path = AppDelegate.swift; sourceTree = "<group>"; };
		568D0DA6283941AF00006302 /* SceneDelegate.swift */ = {isa = PBXFileReference; lastKnownFileType = sourcecode.swift; path = SceneDelegate.swift; sourceTree = "<group>"; };
		568D0DA8283941AF00006302 /* ViewController.swift */ = {isa = PBXFileReference; lastKnownFileType = sourcecode.swift; path = ViewController.swift; sourceTree = "<group>"; };
		568D0DAB283941AF00006302 /* Base */ = {isa = PBXFileReference; lastKnownFileType = file.storyboard; name = Base; path = Base.lproj/Main.storyboard; sourceTree = "<group>"; };
		568D0DAD283941B200006302 /* Assets.xcassets */ = {isa = PBXFileReference; lastKnownFileType = folder.assetcatalog; path = Assets.xcassets; sourceTree = "<group>"; };
		568D0DB0283941B200006302 /* Base */ = {isa = PBXFileReference; lastKnownFileType = file.storyboard; name = Base; path = Base.lproj/LaunchScreen.storyboard; sourceTree = "<group>"; };
		568D0DB2283941B200006302 /* Info.plist */ = {isa = PBXFileReference; lastKnownFileType = text.plist.xml; path = Info.plist; sourceTree = "<group>"; };
		64959D6807340AB7A6B3F22F /* Pods-MvvmSandboxApp.release.xcconfig */ = {isa = PBXFileReference; includeInIndex = 1; lastKnownFileType = text.xcconfig; name = "Pods-MvvmSandboxApp.release.xcconfig"; path = "Target Support Files/Pods-MvvmSandboxApp/Pods-MvvmSandboxApp.release.xcconfig"; sourceTree = "<group>"; };
/* End PBXFileReference section */

/* Begin PBXFrameworksBuildPhase section */
		568D0D9E283941AF00006302 /* Frameworks */ = {
			isa = PBXFrameworksBuildPhase;
			buildActionMask = 2147483647;
			files = (
				65A717BCF08E96A818878433 /* Pods_MvvmSandboxApp.framework in Frameworks */,
			);
			runOnlyForDeploymentPostprocessing = 0;
		};
/* End PBXFrameworksBuildPhase section */

/* Begin PBXGroup section */
		5072D24B87CD4AEE9F87854D /* Frameworks */ = {
			isa = PBXGroup;
			children = (
				4DD605536AEC9BC5C5DC6D6D /* Pods_MvvmSandboxApp.framework */,
			);
			name = Frameworks;
			sourceTree = "<group>";
		};
		568D0D98283941AF00006302 = {
			isa = PBXGroup;
			children = (
				568D0DA3283941AF00006302 /* MvvmSandboxApp */,
				568D0DA2283941AF00006302 /* Products */,
				7E933EE0E9FAE352B2F759DC /* Pods */,
				5072D24B87CD4AEE9F87854D /* Frameworks */,
			);
			sourceTree = "<group>";
		};
		568D0DA2283941AF00006302 /* Products */ = {
			isa = PBXGroup;
			children = (
				568D0DA1283941AF00006302 /* MvvmSandboxApp.app */,
			);
			name = Products;
			sourceTree = "<group>";
		};
		568D0DA3283941AF00006302 /* MvvmSandboxApp */ = {
			isa = PBXGroup;
			children = (
				568D0DB82839422E00006302 /* Common */,
				568D0DBE283942A700006302 /* Models */,
				568D0DB92839423700006302 /* Views */,
				568D0DBA2839423E00006302 /* ViewModels */,
				568D0DBB2839426700006302 /* Coordinators */,
				568D0DBD2839428700006302 /* Services */,
				568D0DBC2839427800006302 /* Extensions */,
				568D0DAA283941AF00006302 /* Main.storyboard */,
				568D0DAD283941B200006302 /* Assets.xcassets */,
				568D0DAF283941B200006302 /* LaunchScreen.storyboard */,
				568D0DB2283941B200006302 /* Info.plist */,
			);
			path = MvvmSandboxApp;
			sourceTree = "<group>";
		};
		568D0DB82839422E00006302 /* Common */ = {
			isa = PBXGroup;
			children = (
				568D0DA6283941AF00006302 /* SceneDelegate.swift */,
				568D0DA4283941AF00006302 /* AppDelegate.swift */,
			);
			path = Common;
			sourceTree = "<group>";
		};
		568D0DB92839423700006302 /* Views */ = {
			isa = PBXGroup;
			children = (
				568D0DA8283941AF00006302 /* ViewController.swift */,
			);
			path = Views;
			sourceTree = "<group>";
		};
		568D0DBA2839423E00006302 /* ViewModels */ = {
			isa = PBXGroup;
			children = (
			);
			path = ViewModels;
			sourceTree = "<group>";
		};
		568D0DBB2839426700006302 /* Coordinators */ = {
			isa = PBXGroup;
			children = (
			);
			path = Coordinators;
			sourceTree = "<group>";
		};
		568D0DBC2839427800006302 /* Extensions */ = {
			isa = PBXGroup;
			children = (
			);
			path = Extensions;
			sourceTree = "<group>";
		};
		568D0DBD2839428700006302 /* Services */ = {
			isa = PBXGroup;
			children = (
			);
			path = Services;
			sourceTree = "<group>";
		};
		568D0DBE283942A700006302 /* Models */ = {
			isa = PBXGroup;
			children = (
			);
			path = Models;
			sourceTree = "<group>";
		};
		7E933EE0E9FAE352B2F759DC /* Pods */ = {
			isa = PBXGroup;
			children = (
				262050E1AF65F2595E26BE1F /* Pods-MvvmSandboxApp.debug.xcconfig */,
				64959D6807340AB7A6B3F22F /* Pods-MvvmSandboxApp.release.xcconfig */,
			);
			name = Pods;
			path = Pods;
			sourceTree = "<group>";
		};
/* End PBXGroup section */

/* Begin PBXNativeTarget section */
		568D0DA0283941AF00006302 /* MvvmSandboxApp */ = {
			isa = PBXNativeTarget;
			buildConfigurationList = 568D0DB5283941B200006302 /* Build configuration list for PBXNativeTarget "MvvmSandboxApp" */;
			buildPhases = (
				679B9B6597642E39DA41C6F3 /* [CP] Check Pods Manifest.lock */,
				568D0D9D283941AF00006302 /* Sources */,
				568D0D9E283941AF00006302 /* Frameworks */,
				568D0D9F283941AF00006302 /* Resources */,
				D4D7EA86F66651C46015E2DA /* [CP] Embed Pods Frameworks */,
			);
			buildRules = (
			);
			dependencies = (
			);
			name = MvvmSandboxApp;
			productName = MvvmSandboxApp;
			productReference = 568D0DA1283941AF00006302 /* MvvmSandboxApp.app */;
			productType = "com.apple.product-type.application";
		};
/* End PBXNativeTarget section */

/* Begin PBXProject section */
		568D0D99283941AF00006302 /* Project object */ = {
			isa = PBXProject;
			attributes = {
				BuildIndependentTargetsInParallel = 1;
				LastSwiftUpdateCheck = 1340;
				LastUpgradeCheck = 1340;
				TargetAttributes = {
					568D0DA0283941AF00006302 = {
						CreatedOnToolsVersion = 13.4;
					};
				};
			};
			buildConfigurationList = 568D0D9C283941AF00006302 /* Build configuration list for PBXProject "MvvmSandboxApp" */;
			compatibilityVersion = "Xcode 13.0";
			developmentRegion = en;
			hasScannedForEncodings = 0;
			knownRegions = (
				en,
				Base,
			);
			mainGroup = 568D0D98283941AF00006302;
			productRefGroup = 568D0DA2283941AF00006302 /* Products */;
			projectDirPath = "";
			projectRoot = "";
			targets = (
				568D0DA0283941AF00006302 /* MvvmSandboxApp */,
			);
		};
/* End PBXProject section */

/* Begin PBXResourcesBuildPhase section */
		568D0D9F283941AF00006302 /* Resources */ = {
			isa = PBXResourcesBuildPhase;
			buildActionMask = 2147483647;
			files = (
				568D0DB1283941B200006302 /* LaunchScreen.storyboard in Resources */,
				568D0DAE283941B200006302 /* Assets.xcassets in Resources */,
				568D0DAC283941AF00006302 /* Main.storyboard in Resources */,
			);
			runOnlyForDeploymentPostprocessing = 0;
		};
/* End PBXResourcesBuildPhase section */

/* Begin PBXShellScriptBuildPhase section */
		679B9B6597642E39DA41C6F3 /* [CP] Check Pods Manifest.lock */ = {
			isa = PBXShellScriptBuildPhase;
			buildActionMask = 2147483647;
			files = (
			);
			inputFileListPaths = (
			);
			inputPaths = (
				"${PODS_PODFILE_DIR_PATH}/Podfile.lock",
				"${PODS_ROOT}/Manifest.lock",
			);
			name = "[CP] Check Pods Manifest.lock";
			outputFileListPaths = (
			);
			outputPaths = (
				"$(DERIVED_FILE_DIR)/Pods-MvvmSandboxApp-checkManifestLockResult.txt",
			);
			runOnlyForDeploymentPostprocessing = 0;
			shellPath = /bin/sh;
			shellScript = "diff \"${PODS_PODFILE_DIR_PATH}/Podfile.lock\" \"${PODS_ROOT}/Manifest.lock\" > /dev/null\nif [ $? != 0 ] ; then\n    # print error to STDERR\n    echo \"error: The sandbox is not in sync with the Podfile.lock. Run 'pod install' or update your CocoaPods installation.\" >&2\n    exit 1\nfi\n# This output is used by Xcode 'outputs' to avoid re-running this script phase.\necho \"SUCCESS\" > \"${SCRIPT_OUTPUT_FILE_0}\"\n";
			showEnvVarsInLog = 0;
		};
		D4D7EA86F66651C46015E2DA /* [CP] Embed Pods Frameworks */ = {
			isa = PBXShellScriptBuildPhase;
			buildActionMask = 2147483647;
			files = (
			);
			inputFileListPaths = (
				"${PODS_ROOT}/Target Support Files/Pods-MvvmSandboxApp/Pods-MvvmSandboxApp-frameworks-${CONFIGURATION}-input-files.xcfilelist",
			);
			name = "[CP] Embed Pods Frameworks";
			outputFileListPaths = (
				"${PODS_ROOT}/Target Support Files/Pods-MvvmSandboxApp/Pods-MvvmSandboxApp-frameworks-${CONFIGURATION}-output-files.xcfilelist",
			);
			runOnlyForDeploymentPostprocessing = 0;
			shellPath = /bin/sh;
			shellScript = "\"${PODS_ROOT}/Target Support Files/Pods-MvvmSandboxApp/Pods-MvvmSandboxApp-frameworks.sh\"\n";
			showEnvVarsInLog = 0;
		};
/* End PBXShellScriptBuildPhase section */

/* Begin PBXSourcesBuildPhase section */
		568D0D9D283941AF00006302 /* Sources */ = {
			isa = PBXSourcesBuildPhase;
			buildActionMask = 2147483647;
			files = (
				568D0DA9283941AF00006302 /* ViewController.swift in Sources */,
				568D0DA5283941AF00006302 /* AppDelegate.swift in Sources */,
				568D0DA7283941AF00006302 /* SceneDelegate.swift in Sources */,
			);
			runOnlyForDeploymentPostprocessing = 0;
		};
/* End PBXSourcesBuildPhase section */

/* Begin PBXVariantGroup section */
		568D0DAA283941AF00006302 /* Main.storyboard */ = {
			isa = PBXVariantGroup;
			children = (
				568D0DAB283941AF00006302 /* Base */,
			);
			name = Main.storyboard;
			sourceTree = "<group>";
		};
		568D0DAF283941B200006302 /* LaunchScreen.storyboard */ = {
			isa = PBXVariantGroup;
			children = (
				568D0DB0283941B200006302 /* Base */,
			);
			name = LaunchScreen.storyboard;
			sourceTree = "<group>";
		};
/* End PBXVariantGroup section */

/* Begin XCBuildConfiguration section */
		568D0DB3283941B200006302 /* Debug */ = {
			isa = XCBuildConfiguration;
			buildSettings = {
				ALWAYS_SEARCH_USER_PATHS = NO;
				CLANG_ANALYZER_NONNULL = YES;
				CLANG_ANALYZER_NUMBER_OBJECT_CONVERSION = YES_AGGRESSIVE;
				CLANG_CXX_LANGUAGE_STANDARD = "gnu++17";
				CLANG_ENABLE_MODULES = YES;
				CLANG_ENABLE_OBJC_ARC = YES;
				CLANG_ENABLE_OBJC_WEAK = YES;
				CLANG_WARN_BLOCK_CAPTURE_AUTORELEASING = YES;
				CLANG_WARN_BOOL_CONVERSION = YES;
				CLANG_WARN_COMMA = YES;
				CLANG_WARN_CONSTANT_CONVERSION = YES;
				CLANG_WARN_DEPRECATED_OBJC_IMPLEMENTATIONS = YES;
				CLANG_WARN_DIRECT_OBJC_ISA_USAGE = YES_ERROR;
				CLANG_WARN_DOCUMENTATION_COMMENTS = YES;
				CLANG_WARN_EMPTY_BODY = YES;
				CLANG_WARN_ENUM_CONVERSION = YES;
				CLANG_WARN_INFINITE_RECURSION = YES;
				CLANG_WARN_INT_CONVERSION = YES;
				CLANG_WARN_NON_LITERAL_NULL_CONVERSION = YES;
				CLANG_WARN_OBJC_IMPLICIT_RETAIN_SELF = YES;
				CLANG_WARN_OBJC_LITERAL_CONVERSION = YES;
				CLANG_WARN_OBJC_ROOT_CLASS = YES_ERROR;
				CLANG_WARN_QUOTED_INCLUDE_IN_FRAMEWORK_HEADER = YES;
				CLANG_WARN_RANGE_LOOP_ANALYSIS = YES;
				CLANG_WARN_STRICT_PROTOTYPES = YES;
				CLANG_WARN_SUSPICIOUS_MOVE = YES;
				CLANG_WARN_UNGUARDED_AVAILABILITY = YES_AGGRESSIVE;
				CLANG_WARN_UNREACHABLE_CODE = YES;
				CLANG_WARN__DUPLICATE_METHOD_MATCH = YES;
				COPY_PHASE_STRIP = NO;
				DEBUG_INFORMATION_FORMAT = dwarf;
				ENABLE_STRICT_OBJC_MSGSEND = YES;
				ENABLE_TESTABILITY = YES;
				GCC_C_LANGUAGE_STANDARD = gnu11;
				GCC_DYNAMIC_NO_PIC = NO;
				GCC_NO_COMMON_BLOCKS = YES;
				GCC_OPTIMIZATION_LEVEL = 0;
				GCC_PREPROCESSOR_DEFINITIONS = (
					"DEBUG=1",
					"$(inherited)",
				);
				GCC_WARN_64_TO_32_BIT_CONVERSION = YES;
				GCC_WARN_ABOUT_RETURN_TYPE = YES_ERROR;
				GCC_WARN_UNDECLARED_SELECTOR = YES;
				GCC_WARN_UNINITIALIZED_AUTOS = YES_AGGRESSIVE;
				GCC_WARN_UNUSED_FUNCTION = YES;
				GCC_WARN_UNUSED_VARIABLE = YES;
				IPHONEOS_DEPLOYMENT_TARGET = 15.5;
				MTL_ENABLE_DEBUG_INFO = INCLUDE_SOURCE;
				MTL_FAST_MATH = YES;
				ONLY_ACTIVE_ARCH = YES;
				SDKROOT = iphoneos;
				SWIFT_ACTIVE_COMPILATION_CONDITIONS = DEBUG;
				SWIFT_OPTIMIZATION_LEVEL = "-Onone";
			};
			name = Debug;
		};
		568D0DB4283941B200006302 /* Release */ = {
			isa = XCBuildConfiguration;
			buildSettings = {
				ALWAYS_SEARCH_USER_PATHS = NO;
				CLANG_ANALYZER_NONNULL = YES;
				CLANG_ANALYZER_NUMBER_OBJECT_CONVERSION = YES_AGGRESSIVE;
				CLANG_CXX_LANGUAGE_STANDARD = "gnu++17";
				CLANG_ENABLE_MODULES = YES;
				CLANG_ENABLE_OBJC_ARC = YES;
				CLANG_ENABLE_OBJC_WEAK = YES;
				CLANG_WARN_BLOCK_CAPTURE_AUTORELEASING = YES;
				CLANG_WARN_BOOL_CONVERSION = YES;
				CLANG_WARN_COMMA = YES;
				CLANG_WARN_CONSTANT_CONVERSION = YES;
				CLANG_WARN_DEPRECATED_OBJC_IMPLEMENTATIONS = YES;
				CLANG_WARN_DIRECT_OBJC_ISA_USAGE = YES_ERROR;
				CLANG_WARN_DOCUMENTATION_COMMENTS = YES;
				CLANG_WARN_EMPTY_BODY = YES;
				CLANG_WARN_ENUM_CONVERSION = YES;
				CLANG_WARN_INFINITE_RECURSION = YES;
				CLANG_WARN_INT_CONVERSION = YES;
				CLANG_WARN_NON_LITERAL_NULL_CONVERSION = YES;
				CLANG_WARN_OBJC_IMPLICIT_RETAIN_SELF = YES;
				CLANG_WARN_OBJC_LITERAL_CONVERSION = YES;
				CLANG_WARN_OBJC_ROOT_CLASS = YES_ERROR;
				CLANG_WARN_QUOTED_INCLUDE_IN_FRAMEWORK_HEADER = YES;
				CLANG_WARN_RANGE_LOOP_ANALYSIS = YES;
				CLANG_WARN_STRICT_PROTOTYPES = YES;
				CLANG_WARN_SUSPICIOUS_MOVE = YES;
				CLANG_WARN_UNGUARDED_AVAILABILITY = YES_AGGRESSIVE;
				CLANG_WARN_UNREACHABLE_CODE = YES;
				CLANG_WARN__DUPLICATE_METHOD_MATCH = YES;
				COPY_PHASE_STRIP = NO;
				DEBUG_INFORMATION_FORMAT = "dwarf-with-dsym";
				ENABLE_NS_ASSERTIONS = NO;
				ENABLE_STRICT_OBJC_MSGSEND = YES;
				GCC_C_LANGUAGE_STANDARD = gnu11;
				GCC_NO_COMMON_BLOCKS = YES;
				GCC_WARN_64_TO_32_BIT_CONVERSION = YES;
				GCC_WARN_ABOUT_RETURN_TYPE = YES_ERROR;
				GCC_WARN_UNDECLARED_SELECTOR = YES;
				GCC_WARN_UNINITIALIZED_AUTOS = YES_AGGRESSIVE;
				GCC_WARN_UNUSED_FUNCTION = YES;
				GCC_WARN_UNUSED_VARIABLE = YES;
				IPHONEOS_DEPLOYMENT_TARGET = 15.5;
				MTL_ENABLE_DEBUG_INFO = NO;
				MTL_FAST_MATH = YES;
				SDKROOT = iphoneos;
				SWIFT_COMPILATION_MODE = wholemodule;
				SWIFT_OPTIMIZATION_LEVEL = "-O";
				VALIDATE_PRODUCT = YES;
			};
			name = Release;
		};
		568D0DB6283941B200006302 /* Debug */ = {
			isa = XCBuildConfiguration;
			baseConfigurationReference = 262050E1AF65F2595E26BE1F /* Pods-MvvmSandboxApp.debug.xcconfig */;
			buildSettings = {
				ASSETCATALOG_COMPILER_APPICON_NAME = AppIcon;
				ASSETCATALOG_COMPILER_GLOBAL_ACCENT_COLOR_NAME = AccentColor;
				CODE_SIGN_STYLE = Automatic;
				CURRENT_PROJECT_VERSION = 1;
				DEVELOPMENT_TEAM = 9845B57J4C;
				GENERATE_INFOPLIST_FILE = YES;
				INFOPLIST_FILE = MvvmSandboxApp/Info.plist;
				INFOPLIST_KEY_UIApplicationSupportsIndirectInputEvents = YES;
				INFOPLIST_KEY_UILaunchStoryboardName = LaunchScreen;
				INFOPLIST_KEY_UIMainStoryboardFile = Main;
				INFOPLIST_KEY_UISupportedInterfaceOrientations = UIInterfaceOrientationPortrait;
				INFOPLIST_KEY_UISupportedInterfaceOrientations_iPad = "UIInterfaceOrientationPortrait UIInterfaceOrientationPortraitUpsideDown UIInterfaceOrientationLandscapeLeft UIInterfaceOrientationLandscapeRight";
				INFOPLIST_KEY_UISupportedInterfaceOrientations_iPhone = "UIInterfaceOrientationPortrait UIInterfaceOrientationLandscapeLeft UIInterfaceOrientationLandscapeRight";
				LD_RUNPATH_SEARCH_PATHS = (
					"$(inherited)",
					"@executable_path/Frameworks",
				);
				MARKETING_VERSION = 1.0;
				PRODUCT_BUNDLE_IDENTIFIER = com.maximm.MvvmSandboxApp;
				PRODUCT_NAME = "$(TARGET_NAME)";
				SWIFT_EMIT_LOC_STRINGS = YES;
				SWIFT_VERSION = 5.0;
				TARGETED_DEVICE_FAMILY = 1;
			};
			name = Debug;
		};
		568D0DB7283941B200006302 /* Release */ = {
			isa = XCBuildConfiguration;
			baseConfigurationReference = 64959D6807340AB7A6B3F22F /* Pods-MvvmSandboxApp.release.xcconfig */;
			buildSettings = {
				ASSETCATALOG_COMPILER_APPICON_NAME = AppIcon;
				ASSETCATALOG_COMPILER_GLOBAL_ACCENT_COLOR_NAME = AccentColor;
				CODE_SIGN_STYLE = Automatic;
				CURRENT_PROJECT_VERSION = 1;
				DEVELOPMENT_TEAM = 9845B57J4C;
				GENERATE_INFOPLIST_FILE = YES;
				INFOPLIST_FILE = MvvmSandboxApp/Info.plist;
				INFOPLIST_KEY_UIApplicationSupportsIndirectInputEvents = YES;
				INFOPLIST_KEY_UILaunchStoryboardName = LaunchScreen;
				INFOPLIST_KEY_UIMainStoryboardFile = Main;
				INFOPLIST_KEY_UISupportedInterfaceOrientations = UIInterfaceOrientationPortrait;
				INFOPLIST_KEY_UISupportedInterfaceOrientations_iPad = "UIInterfaceOrientationPortrait UIInterfaceOrientationPortraitUpsideDown UIInterfaceOrientationLandscapeLeft UIInterfaceOrientationLandscapeRight";
				INFOPLIST_KEY_UISupportedInterfaceOrientations_iPhone = "UIInterfaceOrientationPortrait UIInterfaceOrientationLandscapeLeft UIInterfaceOrientationLandscapeRight";
				LD_RUNPATH_SEARCH_PATHS = (
					"$(inherited)",
					"@executable_path/Frameworks",
				);
				MARKETING_VERSION = 1.0;
				PRODUCT_BUNDLE_IDENTIFIER = com.maximm.MvvmSandboxApp;
				PRODUCT_NAME = "$(TARGET_NAME)";
				SWIFT_EMIT_LOC_STRINGS = YES;
				SWIFT_VERSION = 5.0;
				TARGETED_DEVICE_FAMILY = 1;
			};
			name = Release;
		};
/* End XCBuildConfiguration section */

/* Begin XCConfigurationList section */
		568D0D9C283941AF00006302 /* Build configuration list for PBXProject "MvvmSandboxApp" */ = {
			isa = XCConfigurationList;
			buildConfigurations = (
				568D0DB3283941B200006302 /* Debug */,
				568D0DB4283941B200006302 /* Release */,
			);
			defaultConfigurationIsVisible = 0;
			defaultConfigurationName = Release;
		};
		568D0DB5283941B200006302 /* Build configuration list for PBXNativeTarget "MvvmSandboxApp" */ = {
			isa = XCConfigurationList;
			buildConfigurations = (
				568D0DB6283941B200006302 /* Debug */,
				568D0DB7283941B200006302 /* Release */,
			);
			defaultConfigurationIsVisible = 0;
			defaultConfigurationName = Release;
		};
/* End XCConfigurationList section */
	};
	rootObject = 568D0D99283941AF00006302 /* Project object */;
}
